
Microsoft Visual Studio Solution File, Format Version 11.00
# Visual Studio 2010
Project("{FAE04EC0-301F-11D3-BF4B-00C04F79EFBC}") = "JadeDynasty", "Assembly-CSharp.csproj", "{372E50C3-D7CD-6C94-D481-A03EB2271874}"
EndProject
Project("{FAE04EC0-301F-11D3-BF4B-00C04F79EFBC}") = "JadeDynasty", "Assembly-CSharp-Editor.csproj", "{4BF058E5-9CDD-9AF1-68C9-0885A1D71D5B}"
EndProject
Project("{FAE04EC0-301F-11D3-BF4B-00C04F79EFBC}") = "JadeDynasty", "Assembly-UnityScript.unityproj", "{D59779AF-5B5B-3E0E-B754-E5B5BA3A8048}"
EndProject
Global
	GlobalSection(SolutionConfigurationPlatforms) = preSolution
		Debug|Any CPU = Debug|Any CPU
		Release|Any CPU = Release|Any CPU
	EndGlobalSection
	GlobalSection(ProjectConfigurationPlatforms) = postSolution
		{372E50C3-D7CD-6C94-D481-A03EB2271874}.Debug|Any CPU.ActiveCfg = Debug|Any CPU
		{372E50C3-D7CD-6C94-D481-A03EB2271874}.Debug|Any CPU.Build.0 = Debug|Any CPU
		{372E50C3-D7CD-6C94-D481-A03EB2271874}.Release|Any CPU.ActiveCfg = Release|Any CPU
		{372E50C3-D7CD-6C94-D481-A03EB2271874}.Release|Any CPU.Build.0 = Release|Any CPU
		{4BF058E5-9CDD-9AF1-68C9-0885A1D71D5B}.Debug|Any CPU.ActiveCfg = Debug|Any CPU
		{4BF058E5-9CDD-9AF1-68C9-0885A1D71D5B}.Debug|Any CPU.Build.0 = Debug|Any CPU
		{4BF058E5-9CDD-9AF1-68C9-0885A1D71D5B}.Release|Any CPU.ActiveCfg = Release|Any CPU
		{4BF058E5-9CDD-9AF1-68C9-0885A1D71D5B}.Release|Any CPU.Build.0 = Release|Any CPU
		{D59779AF-5B5B-3E0E-B754-E5B5BA3A8048}.Debug|Any CPU.ActiveCfg = Debug|Any CPU
		{D59779AF-5B5B-3E0E-B754-E5B5BA3A8048}.Debug|Any CPU.Build.0 = Debug|Any CPU
		{D59779AF-5B5B-3E0E-B754-E5B5BA3A8048}.Release|Any CPU.ActiveCfg = Release|Any CPU
		{D59779AF-5B5B-3E0E-B754-E5B5BA3A8048}.Release|Any CPU.Build.0 = Release|Any CPU
	EndGlobalSection
	GlobalSection(SolutionProperties) = preSolution
		HideSolutionNode = FALSE
	EndGlobalSection
	GlobalSection(MonoDevelopProperties) = preSolution
		StartupItem = Assembly-CSharp.csproj
	EndGlobalSection
EndGlobal
