
Microsoft Visual Studio Solution File, Format Version 12.00
# Visual Studio 2013
Project("{FAE04EC0-301F-11D3-BF4B-00C04F79EFBC}") = "JadeDynasty.CSharp", "JadeDynasty.CSharp.csproj", "{73A9D7D6-7100-2C42-B2E3-CCE7A1079BEC}"
EndProject
Project("{FAE04EC0-301F-11D3-BF4B-00C04F79EFBC}") = "JadeDynasty.CSharp.Editor", "JadeDynasty.CSharp.Editor.csproj", "{541D4F00-B5FE-1F5A-058C-FE3EE9A757E5}"
EndProject
Global
	GlobalSection(SolutionConfigurationPlatforms) = preSolution
		Debug|Any CPU = Debug|Any CPU
		Release|Any CPU = Release|Any CPU
	EndGlobalSection
	GlobalSection(ProjectConfigurationPlatforms) = postSolution
		{73A9D7D6-7100-2C42-B2E3-CCE7A1079BEC}.Debug|Any CPU.ActiveCfg = Debug|Any CPU
		{73A9D7D6-7100-2C42-B2E3-CCE7A1079BEC}.Debug|Any CPU.Build.0 = Debug|Any CPU
		{73A9D7D6-7100-2C42-B2E3-CCE7A1079BEC}.Release|Any CPU.ActiveCfg = Release|Any CPU
		{73A9D7D6-7100-2C42-B2E3-CCE7A1079BEC}.Release|Any CPU.Build.0 = Release|Any CPU
		{541D4F00-B5FE-1F5A-058C-FE3EE9A757E5}.Debug|Any CPU.ActiveCfg = Debug|Any CPU
		{541D4F00-B5FE-1F5A-058C-FE3EE9A757E5}.Debug|Any CPU.Build.0 = Debug|Any CPU
		{541D4F00-B5FE-1F5A-058C-FE3EE9A757E5}.Release|Any CPU.ActiveCfg = Release|Any CPU
		{541D4F00-B5FE-1F5A-058C-FE3EE9A757E5}.Release|Any CPU.Build.0 = Release|Any CPU
	EndGlobalSection
	GlobalSection(SolutionProperties) = preSolution
		HideSolutionNode = FALSE
	EndGlobalSection
EndGlobal
